# This file is automatically @generated by Poetry 1.5.1 and should not be changed by hand.

[[package]]
name = "asgiref"
version = "3.7.2"
description = "ASGI specs, helper code, and adapters"
optional = false
python-versions = ">=3.7"
files = [
    {file = "asgiref-3.7.2-py3-none-any.whl", hash = "sha256:89b2ef2247e3b562a16eef663bc0e2e703ec6468e2fa8a5cd61cd449786d4f6e"},
    {file = "asgiref-3.7.2.tar.gz", hash = "sha256:9e0ce3aa93a819ba5b45120216b23878cf6e8525eb3848653452b4192b92afed"},
]

[package.extras]
tests = ["mypy (>=0.800)", "pytest", "pytest-asyncio"]

[[package]]
name = "attrs"
version = "23.1.0"
description = "Classes Without Boilerplate"
optional = false
python-versions = ">=3.7"
files = [
    {file = "attrs-23.1.0-py3-none-any.whl", hash = "sha256:1f28b4522cdc2fb4256ac1a020c78acf9cba2c6b461ccd2c126f3aa8e8335d04"},
    {file = "attrs-23.1.0.tar.gz", hash = "sha256:6279836d581513a26f1bf235f9acd333bc9115683f14f7e8fae46c98fc50e015"},
]

[package.extras]
cov = ["attrs[tests]", "coverage[toml] (>=5.3)"]
dev = ["attrs[docs,tests]", "pre-commit"]
docs = ["furo", "myst-parser", "sphinx", "sphinx-notfound-page", "sphinxcontrib-towncrier", "towncrier", "zope-interface"]
tests = ["attrs[tests-no-zope]", "zope-interface"]
tests-no-zope = ["cloudpickle", "hypothesis", "mypy (>=1.1.1)", "pympler", "pytest (>=4.3.0)", "pytest-mypy-plugins", "pytest-xdist[psutil]"]

[[package]]
name = "django"
version = "4.2.5"
description = "A high-level Python web framework that encourages rapid development and clean, pragmatic design."
optional = false
python-versions = ">=3.8"
files = [
    {file = "Django-4.2.5-py3-none-any.whl", hash = "sha256:b6b2b5cae821077f137dc4dade696a1c2aa292f892eca28fa8d7bfdf2608ddd4"},
    {file = "Django-4.2.5.tar.gz", hash = "sha256:5e5c1c9548ffb7796b4a8a4782e9a2e5a3df3615259fc1bfd3ebc73b646146c1"},
]

[package.dependencies]
asgiref = ">=3.6.0,<4"
sqlparse = ">=0.3.1"
tzdata = {version = "*", markers = "sys_platform == \"win32\""}

[package.extras]
argon2 = ["argon2-cffi (>=19.1.0)"]
bcrypt = ["bcrypt"]

[[package]]
name = "django-cors-headers"
version = "4.2.0"
description = "django-cors-headers is a Django application for handling the server headers required for Cross-Origin Resource Sharing (CORS)."
optional = false
python-versions = ">=3.8"
files = [
    {file = "django_cors_headers-4.2.0-py3-none-any.whl", hash = "sha256:9ada212b0e2efd4a5e339360ffc869cb21ac5605e810afe69f7308e577ea5bde"},
    {file = "django_cors_headers-4.2.0.tar.gz", hash = "sha256:f9749c6410fe738278bc2b6ef17f05195bc7b251693c035752d8257026af024f"},
]

[package.dependencies]
Django = ">=3.2"

[[package]]
name = "djangorestframework"
version = "3.14.0"
description = "Web APIs for Django, made easy."
optional = false
python-versions = ">=3.6"
files = [
    {file = "djangorestframework-3.14.0-py3-none-any.whl", hash = "sha256:eb63f58c9f218e1a7d064d17a70751f528ed4e1d35547fdade9aaf4cd103fd08"},
    {file = "djangorestframework-3.14.0.tar.gz", hash = "sha256:579a333e6256b09489cbe0a067e66abe55c6595d8926be6b99423786334350c8"},
]

[package.dependencies]
django = ">=3.0"
pytz = "*"

[[package]]
name = "djangorestframework-simplejwt"
version = "5.3.0"
description = "A minimal JSON Web Token authentication plugin for Django REST Framework"
optional = false
python-versions = ">=3.7"
files = [
    {file = "djangorestframework_simplejwt-5.3.0-py3-none-any.whl", hash = "sha256:631d7ae2ed4365d7196a35d3cc0f6d382f7bd3361fb24c894f8f92b4da5db27d"},
    {file = "djangorestframework_simplejwt-5.3.0.tar.gz", hash = "sha256:8e4c5dfca8d11c0b8a66dfd8a4e3fc1c6aa7ea188d10907ff91c942f4b52ed66"},
]

[package.dependencies]
django = ">=3.2"
djangorestframework = ">=3.10"
pyjwt = ">=1.7.1,<3"

[package.extras]
crypto = ["cryptography (>=3.3.1)"]
dev = ["Sphinx (>=1.6.5,<2)", "cryptography", "flake8", "ipython", "isort", "pep8", "pytest", "pytest-cov", "pytest-django", "pytest-watch", "pytest-xdist", "python-jose (==3.3.0)", "sphinx-rtd-theme (>=0.1.9)", "tox", "twine", "wheel"]
doc = ["Sphinx (>=1.6.5,<2)", "sphinx-rtd-theme (>=0.1.9)"]
lint = ["flake8", "isort", "pep8"]
python-jose = ["python-jose (==3.3.0)"]
test = ["cryptography", "pytest", "pytest-cov", "pytest-django", "pytest-xdist", "tox"]

[[package]]
name = "drf-spectacular"
version = "0.26.4"
description = "Sane and flexible OpenAPI 3 schema generation for Django REST framework"
optional = false
python-versions = ">=3.6"
files = [
    {file = "drf-spectacular-0.26.4.tar.gz", hash = "sha256:8f5a8f87353d1bb8dcb3f3909b7109b2dcbe1d91f3e069409cf322963e140bd6"},
    {file = "drf_spectacular-0.26.4-py3-none-any.whl", hash = "sha256:afeccc6533dcdb4e78afbfcc49f3c5e9c369aeb62f965e4d1a43b165449c147a"},
]

[package.dependencies]
Django = ">=2.2"
djangorestframework = ">=3.10.3"
inflection = ">=0.3.1"
jsonschema = ">=2.6.0"
PyYAML = ">=5.1"
uritemplate = ">=2.0.0"

[package.extras]
offline = ["drf-spectacular-sidecar"]
sidecar = ["drf-spectacular-sidecar"]

[[package]]
name = "inflection"
version = "0.5.1"
description = "A port of Ruby on Rails inflector to Python"
optional = false
python-versions = ">=3.5"
files = [
    {file = "inflection-0.5.1-py2.py3-none-any.whl", hash = "sha256:f38b2b640938a4f35ade69ac3d053042959b62a0f1076a5bbaa1b9526605a8a2"},
    {file = "inflection-0.5.1.tar.gz", hash = "sha256:1a29730d366e996aaacffb2f1f1cb9593dc38e2ddd30c91250c6dde09ea9b417"},
]

[[package]]
name = "jsonschema"
version = "4.19.0"
description = "An implementation of JSON Schema validation for Python"
optional = false
python-versions = ">=3.8"
files = [
    {file = "jsonschema-4.19.0-py3-none-any.whl", hash = "sha256:043dc26a3845ff09d20e4420d6012a9c91c9aa8999fa184e7efcfeccb41e32cb"},
    {file = "jsonschema-4.19.0.tar.gz", hash = "sha256:6e1e7569ac13be8139b2dd2c21a55d350066ee3f80df06c608b398cdc6f30e8f"},
]

[package.dependencies]
attrs = ">=22.2.0"
jsonschema-specifications = ">=2023.03.6"
referencing = ">=0.28.4"
rpds-py = ">=0.7.1"

[package.extras]
format = ["fqdn", "idna", "isoduration", "jsonpointer (>1.13)", "rfc3339-validator", "rfc3987", "uri-template", "webcolors (>=1.11)"]
format-nongpl = ["fqdn", "idna", "isoduration", "jsonpointer (>1.13)", "rfc3339-validator", "rfc3986-validator (>0.1.0)", "uri-template", "webcolors (>=1.11)"]

[[package]]
name = "jsonschema-specifications"
version = "2023.7.1"
description = "The JSON Schema meta-schemas and vocabularies, exposed as a Registry"
optional = false
python-versions = ">=3.8"
files = [
    {file = "jsonschema_specifications-2023.7.1-py3-none-any.whl", hash = "sha256:05adf340b659828a004220a9613be00fa3f223f2b82002e273dee62fd50524b1"},
    {file = "jsonschema_specifications-2023.7.1.tar.gz", hash = "sha256:c91a50404e88a1f6ba40636778e2ee08f6e24c5613fe4c53ac24578a5a7f72bb"},
]

[package.dependencies]
referencing = ">=0.28.0"

[[package]]
name = "pyjwt"
version = "2.8.0"
description = "JSON Web Token implementation in Python"
optional = false
python-versions = ">=3.7"
files = [
    {file = "PyJWT-2.8.0-py3-none-any.whl", hash = "sha256:59127c392cc44c2da5bb3192169a91f429924e17aff6534d70fdc02ab3e04320"},
    {file = "PyJWT-2.8.0.tar.gz", hash = "sha256:57e28d156e3d5c10088e0c68abb90bfac3df82b40a71bd0daa20c65ccd5c23de"},
]

[package.extras]
crypto = ["cryptography (>=3.4.0)"]
dev = ["coverage[toml] (==5.0.4)", "cryptography (>=3.4.0)", "pre-commit", "pytest (>=6.0.0,<7.0.0)", "sphinx (>=4.5.0,<5.0.0)", "sphinx-rtd-theme", "zope.interface"]
docs = ["sphinx (>=4.5.0,<5.0.0)", "sphinx-rtd-theme", "zope.interface"]
tests = ["coverage[toml] (==5.0.4)", "pytest (>=6.0.0,<7.0.0)"]

[[package]]
name = "pytz"
version = "2023.3.post1"
description = "World timezone definitions, modern and historical"
optional = false
python-versions = "*"
files = [
    {file = "pytz-2023.3.post1-py2.py3-none-any.whl", hash = "sha256:ce42d816b81b68506614c11e8937d3aa9e41007ceb50bfdcb0749b921bf646c7"},
    {file = "pytz-2023.3.post1.tar.gz", hash = "sha256:7b4fddbeb94a1eba4b557da24f19fdf9db575192544270a9101d8509f9f43d7b"},
]

[[package]]
name = "pyyaml"
version = "6.0.1"
description = "YAML parser and emitter for Python"
optional = false
python-versions = ">=3.6"
files = [
    {file = "PyYAML-6.0.1-cp310-cp310-macosx_10_9_x86_64.whl", hash = "sha256:d858aa552c999bc8a8d57426ed01e40bef403cd8ccdd0fc5f6f04a00414cac2a"},
    {file = "PyYAML-6.0.1-cp310-cp310-macosx_11_0_arm64.whl", hash = "sha256:fd66fc5d0da6d9815ba2cebeb4205f95818ff4b79c3ebe268e75d961704af52f"},
    {file = "PyYAML-6.0.1-cp310-cp310-manylinux_2_17_aarch64.manylinux2014_aarch64.whl", hash = "sha256:69b023b2b4daa7548bcfbd4aa3da05b3a74b772db9e23b982788168117739938"},
    {file = "PyYAML-6.0.1-cp310-cp310-manylinux_2_17_s390x.manylinux2014_s390x.whl", hash = "sha256:81e0b275a9ecc9c0c0c07b4b90ba548307583c125f54d5b6946cfee6360c733d"},
    {file = "PyYAML-6.0.1-cp310-cp310-manylinux_2_17_x86_64.manylinux2014_x86_64.whl", hash = "sha256:ba336e390cd8e4d1739f42dfe9bb83a3cc2e80f567d8805e11b46f4a943f5515"},
    {file = "PyYAML-6.0.1-cp310-cp310-musllinux_1_1_x86_64.whl", hash = "sha256:326c013efe8048858a6d312ddd31d56e468118ad4cdeda36c719bf5bb6192290"},
    {file = "PyYAML-6.0.1-cp310-cp310-win32.whl", hash = "sha256:bd4af7373a854424dabd882decdc5579653d7868b8fb26dc7d0e99f823aa5924"},
    {file = "PyYAML-6.0.1-cp310-cp310-win_amd64.whl", hash = "sha256:fd1592b3fdf65fff2ad0004b5e363300ef59ced41c2e6b3a99d4089fa8c5435d"},
    {file = "PyYAML-6.0.1-cp311-cp311-macosx_10_9_x86_64.whl", hash = "sha256:6965a7bc3cf88e5a1c3bd2e0b5c22f8d677dc88a455344035f03399034eb3007"},
    {file = "PyYAML-6.0.1-cp311-cp311-macosx_11_0_arm64.whl", hash = "sha256:f003ed9ad21d6a4713f0a9b5a7a0a79e08dd0f221aff4525a2be4c346ee60aab"},
    {file = "PyYAML-6.0.1-cp311-cp311-manylinux_2_17_aarch64.manylinux2014_aarch64.whl", hash = "sha256:42f8152b8dbc4fe7d96729ec2b99c7097d656dc1213a3229ca5383f973a5ed6d"},
    {file = "PyYAML-6.0.1-cp311-cp311-manylinux_2_17_s390x.manylinux2014_s390x.whl", hash = "sha256:062582fca9fabdd2c8b54a3ef1c978d786e0f6b3a1510e0ac93ef59e0ddae2bc"},
    {file = "PyYAML-6.0.1-cp311-cp311-manylinux_2_17_x86_64.manylinux2014_x86_64.whl", hash = "sha256:d2b04aac4d386b172d5b9692e2d2da8de7bfb6c387fa4f801fbf6fb2e6ba4673"},
    {file = "PyYAML-6.0.1-cp311-cp311-musllinux_1_1_x86_64.whl", hash = "sha256:e7d73685e87afe9f3b36c799222440d6cf362062f78be1013661b00c5c6f678b"},
    {file = "PyYAML-6.0.1-cp311-cp311-win32.whl", hash = "sha256:1635fd110e8d85d55237ab316b5b011de701ea0f29d07611174a1b42f1444741"},
    {file = "PyYAML-6.0.1-cp311-cp311-win_amd64.whl", hash = "sha256:bf07ee2fef7014951eeb99f56f39c9bb4af143d8aa3c21b1677805985307da34"},
    {file = "PyYAML-6.0.1-cp312-cp312-macosx_10_9_x86_64.whl", hash = "sha256:855fb52b0dc35af121542a76b9a84f8d1cd886ea97c84703eaa6d88e37a2ad28"},
    {file = "PyYAML-6.0.1-cp312-cp312-macosx_11_0_arm64.whl", hash = "sha256:40df9b996c2b73138957fe23a16a4f0ba614f4c0efce1e9406a184b6d07fa3a9"},
    {file = "PyYAML-6.0.1-cp312-cp312-manylinux_2_17_x86_64.manylinux2014_x86_64.whl", hash = "sha256:6c22bec3fbe2524cde73d7ada88f6566758a8f7227bfbf93a408a9d86bcc12a0"},
    {file = "PyYAML-6.0.1-cp312-cp312-musllinux_1_1_x86_64.whl", hash = "sha256:8d4e9c88387b0f5c7d5f281e55304de64cf7f9c0021a3525bd3b1c542da3b0e4"},
    {file = "PyYAML-6.0.1-cp312-cp312-win32.whl", hash = "sha256:d483d2cdf104e7c9fa60c544d92981f12ad66a457afae824d146093b8c294c54"},
    {file = "PyYAML-6.0.1-cp312-cp312-win_amd64.whl", hash = "sha256:0d3304d8c0adc42be59c5f8a4d9e3d7379e6955ad754aa9d6ab7a398b59dd1df"},
    {file = "PyYAML-6.0.1-cp36-cp36m-macosx_10_9_x86_64.whl", hash = "sha256:50550eb667afee136e9a77d6dc71ae76a44df8b3e51e41b77f6de2932bfe0f47"},
    {file = "PyYAML-6.0.1-cp36-cp36m-manylinux_2_17_aarch64.manylinux2014_aarch64.whl", hash = "sha256:1fe35611261b29bd1de0070f0b2f47cb6ff71fa6595c077e42bd0c419fa27b98"},
    {file = "PyYAML-6.0.1-cp36-cp36m-manylinux_2_17_s390x.manylinux2014_s390x.whl", hash = "sha256:704219a11b772aea0d8ecd7058d0082713c3562b4e271b849ad7dc4a5c90c13c"},
    {file = "PyYAML-6.0.1-cp36-cp36m-manylinux_2_17_x86_64.manylinux2014_x86_64.whl", hash = "sha256:afd7e57eddb1a54f0f1a974bc4391af8bcce0b444685d936840f125cf046d5bd"},
    {file = "PyYAML-6.0.1-cp36-cp36m-win32.whl", hash = "sha256:fca0e3a251908a499833aa292323f32437106001d436eca0e6e7833256674585"},
    {file = "PyYAML-6.0.1-cp36-cp36m-win_amd64.whl", hash = "sha256:f22ac1c3cac4dbc50079e965eba2c1058622631e526bd9afd45fedd49ba781fa"},
    {file = "PyYAML-6.0.1-cp37-cp37m-macosx_10_9_x86_64.whl", hash = "sha256:b1275ad35a5d18c62a7220633c913e1b42d44b46ee12554e5fd39c70a243d6a3"},
    {file = "PyYAML-6.0.1-cp37-cp37m-manylinux_2_17_aarch64.manylinux2014_aarch64.whl", hash = "sha256:18aeb1bf9a78867dc38b259769503436b7c72f7a1f1f4c93ff9a17de54319b27"},
    {file = "PyYAML-6.0.1-cp37-cp37m-manylinux_2_17_s390x.manylinux2014_s390x.whl", hash = "sha256:596106435fa6ad000c2991a98fa58eeb8656ef2325d7e158344fb33864ed87e3"},
    {file = "PyYAML-6.0.1-cp37-cp37m-manylinux_2_17_x86_64.manylinux2014_x86_64.whl", hash = "sha256:baa90d3f661d43131ca170712d903e6295d1f7a0f595074f151c0aed377c9b9c"},
    {file = "PyYAML-6.0.1-cp37-cp37m-win32.whl", hash = "sha256:9046c58c4395dff28dd494285c82ba00b546adfc7ef001486fbf0324bc174fba"},
    {file = "PyYAML-6.0.1-cp37-cp37m-win_amd64.whl", hash = "sha256:4fb147e7a67ef577a588a0e2c17b6db51dda102c71de36f8549b6816a96e1867"},
    {file = "PyYAML-6.0.1-cp38-cp38-macosx_10_9_x86_64.whl", hash = "sha256:1d4c7e777c441b20e32f52bd377e0c409713e8bb1386e1099c2415f26e479595"},
    {file = "PyYAML-6.0.1-cp38-cp38-manylinux_2_17_aarch64.manylinux2014_aarch64.whl", hash = "sha256:a0cd17c15d3bb3fa06978b4e8958dcdc6e0174ccea823003a106c7d4d7899ac5"},
    {file = "PyYAML-6.0.1-cp38-cp38-manylinux_2_17_s390x.manylinux2014_s390x.whl", hash = "sha256:28c119d996beec18c05208a8bd78cbe4007878c6dd15091efb73a30e90539696"},
    {file = "PyYAML-6.0.1-cp38-cp38-manylinux_2_17_x86_64.manylinux2014_x86_64.whl", hash = "sha256:7e07cbde391ba96ab58e532ff4803f79c4129397514e1413a7dc761ccd755735"},
    {file = "PyYAML-6.0.1-cp38-cp38-musllinux_1_1_x86_64.whl", hash = "sha256:49a183be227561de579b4a36efbb21b3eab9651dd81b1858589f796549873dd6"},
    {file = "PyYAML-6.0.1-cp38-cp38-win32.whl", hash = "sha256:184c5108a2aca3c5b3d3bf9395d50893a7ab82a38004c8f61c258d4428e80206"},
    {file = "PyYAML-6.0.1-cp38-cp38-win_amd64.whl", hash = "sha256:1e2722cc9fbb45d9b87631ac70924c11d3a401b2d7f410cc0e3bbf249f2dca62"},
    {file = "PyYAML-6.0.1-cp39-cp39-macosx_10_9_x86_64.whl", hash = "sha256:9eb6caa9a297fc2c2fb8862bc5370d0303ddba53ba97e71f08023b6cd73d16a8"},
    {file = "PyYAML-6.0.1-cp39-cp39-macosx_11_0_arm64.whl", hash = "sha256:c8098ddcc2a85b61647b2590f825f3db38891662cfc2fc776415143f599bb859"},
    {file = "PyYAML-6.0.1-cp39-cp39-manylinux_2_17_aarch64.manylinux2014_aarch64.whl", hash = "sha256:5773183b6446b2c99bb77e77595dd486303b4faab2b086e7b17bc6bef28865f6"},
    {file = "PyYAML-6.0.1-cp39-cp39-manylinux_2_17_s390x.manylinux2014_s390x.whl", hash = "sha256:b786eecbdf8499b9ca1d697215862083bd6d2a99965554781d0d8d1ad31e13a0"},
    {file = "PyYAML-6.0.1-cp39-cp39-manylinux_2_17_x86_64.manylinux2014_x86_64.whl", hash = "sha256:bc1bf2925a1ecd43da378f4db9e4f799775d6367bdb94671027b73b393a7c42c"},
    {file = "PyYAML-6.0.1-cp39-cp39-musllinux_1_1_x86_64.whl", hash = "sha256:04ac92ad1925b2cff1db0cfebffb6ffc43457495c9b3c39d3fcae417d7125dc5"},
    {file = "PyYAML-6.0.1-cp39-cp39-win32.whl", hash = "sha256:faca3bdcf85b2fc05d06ff3fbc1f83e1391b3e724afa3feba7d13eeab355484c"},
    {file = "PyYAML-6.0.1-cp39-cp39-win_amd64.whl", hash = "sha256:510c9deebc5c0225e8c96813043e62b680ba2f9c50a08d3724c7f28a747d1486"},
    {file = "PyYAML-6.0.1.tar.gz", hash = "sha256:bfdf460b1736c775f2ba9f6a92bca30bc2095067b8a9d77876d1fad6cc3b4a43"},
]

[[package]]
name = "referencing"
version = "0.30.2"
description = "JSON Referencing + Python"
optional = false
python-versions = ">=3.8"
files = [
    {file = "referencing-0.30.2-py3-none-any.whl", hash = "sha256:449b6669b6121a9e96a7f9e410b245d471e8d48964c67113ce9afe50c8dd7bdf"},
    {file = "referencing-0.30.2.tar.gz", hash = "sha256:794ad8003c65938edcdbc027f1933215e0d0ccc0291e3ce20a4d87432b59efc0"},
]

[package.dependencies]
attrs = ">=22.2.0"
rpds-py = ">=0.7.0"

[[package]]
name = "rpds-py"
version = "0.10.2"
description = "Python bindings to Rust's persistent data structures (rpds)"
optional = false
python-versions = ">=3.8"
files = [
    {file = "rpds_py-0.10.2-cp310-cp310-macosx_10_7_x86_64.whl", hash = "sha256:9f00d54b18dd837f1431d66b076737deb7c29ce3ebb8412ceaf44d5e1954ac0c"},
    {file = "rpds_py-0.10.2-cp310-cp310-macosx_11_0_arm64.whl", hash = "sha256:8f4d561f4728f825e3b793a53064b606ca0b6fc264f67d09e54af452aafc5b82"},
    {file = "rpds_py-0.10.2-cp310-cp310-manylinux_2_17_aarch64.manylinux2014_aarch64.whl", hash = "sha256:013d6c784150d10236a74b4094a79d96a256b814457e388fc5a4ba9efe24c402"},
    {file = "rpds_py-0.10.2-cp310-cp310-manylinux_2_17_armv7l.manylinux2014_armv7l.whl", hash = "sha256:bd1142d22fdb183a0fff66d79134bf644401437fed874f81066d314c67ee193c"},
    {file = "rpds_py-0.10.2-cp310-cp310-manylinux_2_17_ppc64le.manylinux2014_ppc64le.whl", hash = "sha256:4a0536ed2b9297c75104e1a3da330828ba1b2639fa53b38d396f98bf7e3c68df"},
    {file = "rpds_py-0.10.2-cp310-cp310-manylinux_2_17_s390x.manylinux2014_s390x.whl", hash = "sha256:41bd430b7b63aa802c02964e331ac0b177148fef5f807d2c90d05ce71a52b4d4"},
    {file = "rpds_py-0.10.2-cp310-cp310-manylinux_2_17_x86_64.manylinux2014_x86_64.whl", hash = "sha256:4e8474f7233fe1949ce4e03bea698a600c2d5d6b51dab6d6e6336dbe69acf23e"},
    {file = "rpds_py-0.10.2-cp310-cp310-manylinux_2_5_i686.manylinux1_i686.whl", hash = "sha256:d9d7efaad48b859053b90dedd69bc92f2095084251e732e4c57ac9726bcb1e64"},
    {file = "rpds_py-0.10.2-cp310-cp310-musllinux_1_2_aarch64.whl", hash = "sha256:5612b0b1de8d5114520094bd5fc3d04eb8af6f3e10d48ef05b7c8e77c1fd9545"},
    {file = "rpds_py-0.10.2-cp310-cp310-musllinux_1_2_i686.whl", hash = "sha256:5d5eaf988951f6ecb6854ca3300b87123599c711183c83da7ce39717a7cbdbce"},
    {file = "rpds_py-0.10.2-cp310-cp310-musllinux_1_2_x86_64.whl", hash = "sha256:75c8766734ac0053e1d683567e65e85306c4ec62631b0591caeb287ac8f72e08"},
    {file = "rpds_py-0.10.2-cp310-none-win32.whl", hash = "sha256:8de9b88f0cbac73cfed34220d13c57849e62a7099a714b929142425e926d223a"},
    {file = "rpds_py-0.10.2-cp310-none-win_amd64.whl", hash = "sha256:2275f1a022e2383da5d2d101fe11ccdcbae799148c4b83260a4b9309fa3e1fc2"},
    {file = "rpds_py-0.10.2-cp311-cp311-macosx_10_7_x86_64.whl", hash = "sha256:dd91a7d7a9ce7f4983097c91ce211f3e5569cc21caa16f2692298a07e396f82b"},
    {file = "rpds_py-0.10.2-cp311-cp311-macosx_11_0_arm64.whl", hash = "sha256:e82b4a70cc67094f3f3fd77579702f48fcf1de7bdc67d79b8f1e24d089a6162c"},
    {file = "rpds_py-0.10.2-cp311-cp311-manylinux_2_17_aarch64.manylinux2014_aarch64.whl", hash = "sha256:e281b71922208e00886e4b7ffbfcf27874486364f177418ab676f102130e7ec9"},
    {file = "rpds_py-0.10.2-cp311-cp311-manylinux_2_17_armv7l.manylinux2014_armv7l.whl", hash = "sha256:b3eb1a0d2b6d232d1bcdfc3fcc5f7b004ab3fbd9203011a3172f051d4527c0b6"},
    {file = "rpds_py-0.10.2-cp311-cp311-manylinux_2_17_ppc64le.manylinux2014_ppc64le.whl", hash = "sha256:02945ae38fd78efc40900f509890de84cfd5ffe2cd2939eeb3a8800dc68b87cb"},
    {file = "rpds_py-0.10.2-cp311-cp311-manylinux_2_17_s390x.manylinux2014_s390x.whl", hash = "sha256:ccfb77f6dc8abffa6f1c7e3975ed9070a41ce5fcc11154d2bead8c1baa940f09"},
    {file = "rpds_py-0.10.2-cp311-cp311-manylinux_2_17_x86_64.manylinux2014_x86_64.whl", hash = "sha256:af52078719209bef33e38131486fd784832dd8d1dc9b85f00a44f6e7437dd021"},
    {file = "rpds_py-0.10.2-cp311-cp311-manylinux_2_5_i686.manylinux1_i686.whl", hash = "sha256:56ba7c1100ed079527f2b995bf5486a2e557e6d5b733c52e8947476338815b69"},
    {file = "rpds_py-0.10.2-cp311-cp311-musllinux_1_2_aarch64.whl", hash = "sha256:899b03a3be785a7e1ff84b237da71f0efa2f021512f147dd34ffdf7aa82cb678"},
    {file = "rpds_py-0.10.2-cp311-cp311-musllinux_1_2_i686.whl", hash = "sha256:22e6de18f00583f06928cc8d0993104ecc62f7c6da6478db2255de89a30e45d1"},
    {file = "rpds_py-0.10.2-cp311-cp311-musllinux_1_2_x86_64.whl", hash = "sha256:edd74b760a6bb950397e7a7bd2f38e6700f6525062650b1d77c6d851b82f02c2"},
    {file = "rpds_py-0.10.2-cp311-none-win32.whl", hash = "sha256:18909093944727e068ebfc92e2e6ed1c4fa44135507c1c0555213ce211c53214"},
    {file = "rpds_py-0.10.2-cp311-none-win_amd64.whl", hash = "sha256:9568764e72d85cf7855ca78b48e07ed1be47bf230e2cea8dabda3c95f660b0ff"},
    {file = "rpds_py-0.10.2-cp312-cp312-macosx_10_7_x86_64.whl", hash = "sha256:0fc625059b83695fbb4fc8b7a8b66fa94ff9c7b78c84fb9986cd53ff88a28d80"},
    {file = "rpds_py-0.10.2-cp312-cp312-macosx_11_0_arm64.whl", hash = "sha256:c86231c66e4f422e7c13ea6200bb4048b3016c8bfd11b4fd0dabd04d2c8e3501"},
    {file = "rpds_py-0.10.2-cp312-cp312-manylinux_2_17_aarch64.manylinux2014_aarch64.whl", hash = "sha256:56777c57246e048908b550af9b81b0ec9cf804fd47cb7502ccd93238bd6025c2"},
    {file = "rpds_py-0.10.2-cp312-cp312-manylinux_2_17_armv7l.manylinux2014_armv7l.whl", hash = "sha256:a4cb372e22e9c879bd9a9cc9b20b7c1fbf30a605ac953da45ecec05d8a6e1c77"},
    {file = "rpds_py-0.10.2-cp312-cp312-manylinux_2_17_ppc64le.manylinux2014_ppc64le.whl", hash = "sha256:aa3b3a43dabc4cc57a7800f526cbe03f71c69121e21b863fdf497b59b462b163"},
    {file = "rpds_py-0.10.2-cp312-cp312-manylinux_2_17_s390x.manylinux2014_s390x.whl", hash = "sha256:59d222086daa55421d599609b32d0ebe544e57654c4a0a1490c54a7ebaa67561"},
    {file = "rpds_py-0.10.2-cp312-cp312-manylinux_2_17_x86_64.manylinux2014_x86_64.whl", hash = "sha256:529aab727f54a937085184e7436e1d0e19975cf10115eda12d37a683e4ee5342"},
    {file = "rpds_py-0.10.2-cp312-cp312-manylinux_2_5_i686.manylinux1_i686.whl", hash = "sha256:43e9b1531d6a898bdf086acb75c41265c7ec4331267d7619148d407efc72bd24"},
    {file = "rpds_py-0.10.2-cp312-cp312-musllinux_1_2_aarch64.whl", hash = "sha256:c2772bb95062e3f9774140205cd65d8997e39620715486cf5f843cf4ad8f744c"},
    {file = "rpds_py-0.10.2-cp312-cp312-musllinux_1_2_i686.whl", hash = "sha256:ba1b28e44f611f3f2b436bd8290050a61db4b59a8e24be4465f44897936b3824"},
    {file = "rpds_py-0.10.2-cp312-cp312-musllinux_1_2_x86_64.whl", hash = "sha256:5aba767e64b494483ad60c4873bec78d16205a21f8247c99749bd990d9c846c2"},
    {file = "rpds_py-0.10.2-cp38-cp38-macosx_10_7_x86_64.whl", hash = "sha256:e1954f4b239d1a92081647eecfd51cbfd08ea16eb743b8af1cd0113258feea14"},
    {file = "rpds_py-0.10.2-cp38-cp38-macosx_11_0_arm64.whl", hash = "sha256:de4a2fd524993578fe093044f291b4b24aab134390030b3b9b5f87fd41ab7e75"},
    {file = "rpds_py-0.10.2-cp38-cp38-manylinux_2_17_aarch64.manylinux2014_aarch64.whl", hash = "sha256:e69737bd56006a86fd5a78b2b85447580a6138c930a75eb9ef39fe03d90782b1"},
    {file = "rpds_py-0.10.2-cp38-cp38-manylinux_2_17_armv7l.manylinux2014_armv7l.whl", hash = "sha256:f40abbcc0a7d9a8a80870af839d317e6932533f98682aabd977add6c53beeb23"},
    {file = "rpds_py-0.10.2-cp38-cp38-manylinux_2_17_ppc64le.manylinux2014_ppc64le.whl", hash = "sha256:29ec8507664f94cc08457d98cfc41c3cdbddfa8952438e644177a29b04937876"},
    {file = "rpds_py-0.10.2-cp38-cp38-manylinux_2_17_s390x.manylinux2014_s390x.whl", hash = "sha256:bcde80aefe7054fad6277762fb7e9d35c72ea479a485ae1bb14629c640987b30"},
    {file = "rpds_py-0.10.2-cp38-cp38-manylinux_2_17_x86_64.manylinux2014_x86_64.whl", hash = "sha256:a65de5c02884760a14a58304fb6303f9ddfc582e630f385daea871e1bdb18686"},
    {file = "rpds_py-0.10.2-cp38-cp38-manylinux_2_5_i686.manylinux1_i686.whl", hash = "sha256:e92e5817eb6bfed23aa5e45bfe30647b83602bdd6f9e25d63524d4e6258458b0"},
    {file = "rpds_py-0.10.2-cp38-cp38-musllinux_1_2_aarch64.whl", hash = "sha256:2c8fc6c841ada60a86d29c9ebe2e8757c47eda6553f3596c560e59ca6e9b6fa1"},
    {file = "rpds_py-0.10.2-cp38-cp38-musllinux_1_2_i686.whl", hash = "sha256:8557c807388e6617161fe51b1a4747ea8d1133f2d2ad8e79583439abebe58fbd"},
    {file = "rpds_py-0.10.2-cp38-cp38-musllinux_1_2_x86_64.whl", hash = "sha256:00e97d43a36811b78fa9ad9d3329bf34f76a31e891a7031a2ac01450c9b168ab"},
    {file = "rpds_py-0.10.2-cp38-none-win32.whl", hash = "sha256:1ed3d5385d14be894e12a9033be989e012214a9811e7194849c94032ad69682a"},
    {file = "rpds_py-0.10.2-cp38-none-win_amd64.whl", hash = "sha256:02b4a2e28eb24dac4ef43dda4f6a6f7766e355179b143f7d0c76a1c5488a307b"},
    {file = "rpds_py-0.10.2-cp39-cp39-macosx_10_7_x86_64.whl", hash = "sha256:2a55631b93e47956fbc97d69ba2054a8c6a4016f9a3064ec4e031f5f1030cb90"},
    {file = "rpds_py-0.10.2-cp39-cp39-macosx_11_0_arm64.whl", hash = "sha256:2ffbf1b38c88d0466de542e91b08225d51782282512f8e2b11715126c41fda48"},
    {file = "rpds_py-0.10.2-cp39-cp39-manylinux_2_17_aarch64.manylinux2014_aarch64.whl", hash = "sha256:213f9ef5c02ec2f883c1075d25a873149daadbaea50d18d622e9db55ec9849c2"},
    {file = "rpds_py-0.10.2-cp39-cp39-manylinux_2_17_armv7l.manylinux2014_armv7l.whl", hash = "sha256:b00150a9a3fd0a8efaa90bc2696c105b04039d50763dd1c95a34c88c5966cb57"},
    {file = "rpds_py-0.10.2-cp39-cp39-manylinux_2_17_ppc64le.manylinux2014_ppc64le.whl", hash = "sha256:ab0f7aabdbce4a202e013083eeab71afdb85efa405dc4a06fea98cde81204675"},
    {file = "rpds_py-0.10.2-cp39-cp39-manylinux_2_17_s390x.manylinux2014_s390x.whl", hash = "sha256:2cd0c9fb5d40887500b4ed818770c68ab4fa6e0395d286f9704be6751b1b7d98"},
    {file = "rpds_py-0.10.2-cp39-cp39-manylinux_2_17_x86_64.manylinux2014_x86_64.whl", hash = "sha256:b8578fc6c8bdd0201327503720fa581000b4bd3934abbf07e2628d1ad3de157d"},
    {file = "rpds_py-0.10.2-cp39-cp39-manylinux_2_5_i686.manylinux1_i686.whl", hash = "sha256:2d27d08056fcd61ff47a0cd8407eff4d3e816c82cb6b9c6f0ce9a0ad49225f81"},
    {file = "rpds_py-0.10.2-cp39-cp39-musllinux_1_2_aarch64.whl", hash = "sha256:c8f6526df47953b07c45b95c4d1da6b9a0861c0e5da0271db96bb1d807825412"},
    {file = "rpds_py-0.10.2-cp39-cp39-musllinux_1_2_i686.whl", hash = "sha256:177c033e467a66a054dd3a9534167234a3d0b2e41445807b13b626e01da25d92"},
    {file = "rpds_py-0.10.2-cp39-cp39-musllinux_1_2_x86_64.whl", hash = "sha256:9c74cbee9e532dc34371127f7686d6953e5153a1f22beab7f953d95ee4a0fe09"},
    {file = "rpds_py-0.10.2-cp39-none-win32.whl", hash = "sha256:05a1382905026bdd560f806c8c7c16e0f3e3fb359ba8868203ca6e5799884968"},
    {file = "rpds_py-0.10.2-cp39-none-win_amd64.whl", hash = "sha256:3fd503c27e7b7034128e30847ecdb4bff4ca5e60f29ad022a9f66ae8940d54ac"},
    {file = "rpds_py-0.10.2-pp310-pypy310_pp73-macosx_10_7_x86_64.whl", hash = "sha256:4a96147791e49e84207dd1530109aa0e9eeaf1c8b7a59f150047fc0fcdf9bb64"},
    {file = "rpds_py-0.10.2-pp310-pypy310_pp73-macosx_11_0_arm64.whl", hash = "sha256:203eb1532d51591d32e8dfafd60b5d31347ea7278c8da02b4b550287f6abe28b"},
    {file = "rpds_py-0.10.2-pp310-pypy310_pp73-manylinux_2_17_aarch64.manylinux2014_aarch64.whl", hash = "sha256:a2f416cdfe92f5fbb77177f5f3f7830059d1582db05f2c7119bf80069d1ab69b"},
    {file = "rpds_py-0.10.2-pp310-pypy310_pp73-manylinux_2_17_armv7l.manylinux2014_armv7l.whl", hash = "sha256:b2660000e1a113869c86eb5cc07f3343467490f3cd9d0299f81da9ddae7137b7"},
    {file = "rpds_py-0.10.2-pp310-pypy310_pp73-manylinux_2_17_ppc64le.manylinux2014_ppc64le.whl", hash = "sha256:1adb04e4b4e41bf30aaa77eeb169c1b9ba9e5010e2e6ce8d6c17e1446edc9b68"},
    {file = "rpds_py-0.10.2-pp310-pypy310_pp73-manylinux_2_17_s390x.manylinux2014_s390x.whl", hash = "sha256:2bca97521ee786087f0c5ef318fef3eef0266a9c3deff88205523cf353af7394"},
    {file = "rpds_py-0.10.2-pp310-pypy310_pp73-manylinux_2_17_x86_64.manylinux2014_x86_64.whl", hash = "sha256:4969592e3cdeefa4cbb15a26cec102cbd4a1d6e5b695fac9fa026e19741138c8"},
    {file = "rpds_py-0.10.2-pp310-pypy310_pp73-manylinux_2_5_i686.manylinux1_i686.whl", hash = "sha256:df61f818edf7c8626bfa392f825860fb670b5f8336e238eb0ec7e2a5689cdded"},
    {file = "rpds_py-0.10.2-pp310-pypy310_pp73-musllinux_1_2_aarch64.whl", hash = "sha256:b589d93a60e78fe55d5bc76ee8c2bf945dbdbb7cd16044c53e0307604e448de1"},
    {file = "rpds_py-0.10.2-pp310-pypy310_pp73-musllinux_1_2_i686.whl", hash = "sha256:73da69e1f612c3e682e34dcb971272d90d6f27b2c99acff444ca455a89978574"},
    {file = "rpds_py-0.10.2-pp310-pypy310_pp73-musllinux_1_2_x86_64.whl", hash = "sha256:89438e8885a186c69fe31f7ef98bb2bf29688c466c3caf9060f404c0be89ae80"},
    {file = "rpds_py-0.10.2-pp38-pypy38_pp73-macosx_10_7_x86_64.whl", hash = "sha256:c4ecc4e9a5d73a816cae36ee6b5d8b7a0c72013cae1e101406e832887c3dc2d8"},
    {file = "rpds_py-0.10.2-pp38-pypy38_pp73-macosx_11_0_arm64.whl", hash = "sha256:907b214da5d2fcff0b6ddb83de1333890ca92abaf4bbf8d9c61dc1b95c87fd6e"},
    {file = "rpds_py-0.10.2-pp38-pypy38_pp73-manylinux_2_17_aarch64.manylinux2014_aarch64.whl", hash = "sha256:bb44644371eaa29a3aba7b69b1862d0d56f073bb7585baa32e4271a71a91ee82"},
    {file = "rpds_py-0.10.2-pp38-pypy38_pp73-manylinux_2_17_armv7l.manylinux2014_armv7l.whl", hash = "sha256:80c3cf46511653f94dfe07c7c79ab105c4164d6e1dfcb35b7214fb9af53eaef4"},
    {file = "rpds_py-0.10.2-pp38-pypy38_pp73-manylinux_2_17_ppc64le.manylinux2014_ppc64le.whl", hash = "sha256:eaba0613c759ebf95988a84f766ca6b7432d55ce399194f95dde588ad1be0878"},
    {file = "rpds_py-0.10.2-pp38-pypy38_pp73-manylinux_2_17_s390x.manylinux2014_s390x.whl", hash = "sha256:0527c97dcd8bb983822ee31d3760187083fd3ba18ac4dd22cf5347c89d5628f4"},
    {file = "rpds_py-0.10.2-pp38-pypy38_pp73-manylinux_2_17_x86_64.manylinux2014_x86_64.whl", hash = "sha256:9cdfd649011ce2d90cb0dd304c5aba1190fac0c266d19a9e2b96b81cfd150a09"},
    {file = "rpds_py-0.10.2-pp38-pypy38_pp73-manylinux_2_5_i686.manylinux1_i686.whl", hash = "sha256:75eea40355a8690459c7291ce6c8ce39c27bd223675c7da6619f510c728feb97"},
    {file = "rpds_py-0.10.2-pp38-pypy38_pp73-musllinux_1_2_aarch64.whl", hash = "sha256:4f1b804cfad04f862d6a84af9d1ad941b06f671878f0f7ecad6c92007d423de6"},
    {file = "rpds_py-0.10.2-pp38-pypy38_pp73-musllinux_1_2_i686.whl", hash = "sha256:bf77f9017fcfa1232f98598a637406e6c33982ccba8a5922339575c3e2b90ea5"},
    {file = "rpds_py-0.10.2-pp38-pypy38_pp73-musllinux_1_2_x86_64.whl", hash = "sha256:46c4c550bf59ce05d6bff2c98053822549aaf9fbaf81103edea325e03350bca1"},
    {file = "rpds_py-0.10.2-pp39-pypy39_pp73-macosx_10_7_x86_64.whl", hash = "sha256:46af4a742b90c7460e94214f923452c2c1d050a9da1d2b8d4c70cbc045e692b7"},
    {file = "rpds_py-0.10.2-pp39-pypy39_pp73-macosx_11_0_arm64.whl", hash = "sha256:2a86d246a160d98d820ee7d02dc18c923c228de095be362e57b9fd8970b2c4a1"},
    {file = "rpds_py-0.10.2-pp39-pypy39_pp73-manylinux_2_17_aarch64.manylinux2014_aarch64.whl", hash = "sha256:ae141c9017f8f473a6ee07a9425da021816a9f8c0683c2e5442f0ccf56b0fc62"},
    {file = "rpds_py-0.10.2-pp39-pypy39_pp73-manylinux_2_17_armv7l.manylinux2014_armv7l.whl", hash = "sha256:e1147bc3d0dd1e549d991110d0a09557ec9f925dbc1ca62871fcdab2ec9d716b"},
    {file = "rpds_py-0.10.2-pp39-pypy39_pp73-manylinux_2_17_ppc64le.manylinux2014_ppc64le.whl", hash = "sha256:fce7a8ee8d0f682c953c0188735d823f0fcb62779bf92cd6ba473a8e730e26ad"},
    {file = "rpds_py-0.10.2-pp39-pypy39_pp73-manylinux_2_17_s390x.manylinux2014_s390x.whl", hash = "sha256:4c7f9d70f99e1fbcbf57c75328b80e1c0a7f6cad43e75efa90a97221be5efe15"},
    {file = "rpds_py-0.10.2-pp39-pypy39_pp73-manylinux_2_17_x86_64.manylinux2014_x86_64.whl", hash = "sha256:0b309908b6ff5ffbf6394818cb73b5a2a74073acee2c57fe8719046389aeff0d"},
    {file = "rpds_py-0.10.2-pp39-pypy39_pp73-manylinux_2_5_i686.manylinux1_i686.whl", hash = "sha256:3ff1f585a0fdc1415bd733b804f33d386064a308672249b14828130dd43e7c31"},
    {file = "rpds_py-0.10.2-pp39-pypy39_pp73-musllinux_1_2_aarch64.whl", hash = "sha256:0188b580c490bccb031e9b67e9e8c695a3c44ac5e06218b152361eca847317c3"},
    {file = "rpds_py-0.10.2-pp39-pypy39_pp73-musllinux_1_2_i686.whl", hash = "sha256:abe081453166e206e3a8c6d8ace57214c17b6d9477d7601ac14a365344dbc1f4"},
    {file = "rpds_py-0.10.2-pp39-pypy39_pp73-musllinux_1_2_x86_64.whl", hash = "sha256:9118de88c16947eaf5b92f749e65b0501ea69e7c2be7bd6aefc12551622360e1"},
    {file = "rpds_py-0.10.2.tar.gz", hash = "sha256:289073f68452b96e70990085324be7223944c7409973d13ddfe0eea1c1b5663b"},
]

[[package]]
name = "sqlparse"
version = "0.4.4"
description = "A non-validating SQL parser."
optional = false
python-versions = ">=3.5"
files = [
    {file = "sqlparse-0.4.4-py3-none-any.whl", hash = "sha256:5430a4fe2ac7d0f93e66f1efc6e1338a41884b7ddf2a350cedd20ccc4d9d28f3"},
    {file = "sqlparse-0.4.4.tar.gz", hash = "sha256:d446183e84b8349fa3061f0fe7f06ca94ba65b426946ffebe6e3e8295332420c"},
]

[package.extras]
dev = ["build", "flake8"]
doc = ["sphinx"]
test = ["pytest", "pytest-cov"]

[[package]]
name = "tzdata"
version = "2023.3"
description = "Provider of IANA time zone data"
optional = false
python-versions = ">=2"
files = [
    {file = "tzdata-2023.3-py2.py3-none-any.whl", hash = "sha256:7e65763eef3120314099b6939b5546db7adce1e7d6f2e179e3df563c70511eda"},
    {file = "tzdata-2023.3.tar.gz", hash = "sha256:11ef1e08e54acb0d4f95bdb1be05da659673de4acbd21bf9c69e94cc5e907a3a"},
]

[[package]]
name = "uritemplate"
version = "4.1.1"
description = "Implementation of RFC 6570 URI Templates"
optional = false
python-versions = ">=3.6"
files = [
    {file = "uritemplate-4.1.1-py2.py3-none-any.whl", hash = "sha256:830c08b8d99bdd312ea4ead05994a38e8936266f84b9a7878232db50b044e02e"},
    {file = "uritemplate-4.1.1.tar.gz", hash = "sha256:4346edfc5c3b79f694bccd6d6099a322bbeb628dbf2cd86eea55a456ce5124f0"},
]

[metadata]
lock-version = "2.0"
python-versions = "^3.11"
content-hash = "0426a58f05a3549a8d51e404286bac27faab4f8e7de513afaf87b9e5ff6bdf8d"
